// !$*UTF8*$!
{
	archiveVersion = 1;
	classes = {
	};
	objectVersion = 46;
	objects = {

/* Begin PBXBuildFile section */
		0216618E1D2A1449000EAE6F /* NSString+Extension.m in Sources */ = {isa = PBXBuildFile; fileRef = 0216618D1D2A1449000EAE6F /* NSString+Extension.m */; };
		024BA03F1D2674B300E7005D /* main.m in Sources */ = {isa = PBXBuildFile; fileRef = 024BA03E1D2674B300E7005D /* main.m */; };
		024BA0471D26773D00E7005D /* Calculator.m in Sources */ = {isa = PBXBuildFile; fileRef = 024BA0461D26773D00E7005D /* Calculator.m */; };
		024BA04D1D268B8300E7005D /* Application.m in Sources */ = {isa = PBXBuildFile; fileRef = 024BA04C1D268B8300E7005D /* Application.m */; };
		024BA0511D26909C00E7005D /* Operator.m in Sources */ = {isa = PBXBuildFile; fileRef = 024BA0501D26909C00E7005D /* Operator.m */; };
/* End PBXBuildFile section */

/* Begin PBXCopyFilesBuildPhase section */
		024BA0391D2674B300E7005D /* CopyFiles */ = {
			isa = PBXCopyFilesBuildPhase;
			buildActionMask = 2147483647;
			dstPath = /usr/share/man/man1/;
			dstSubfolderSpec = 0;
			files = (
			);
			runOnlyForDeploymentPostprocessing = 1;
		};
/* End PBXCopyFilesBuildPhase section */

/* Begin PBXFileReference section */
		0216618C1D2A1449000EAE6F /* NSString+Extension.h */ = {isa = PBXFileReference; fileEncoding = 4; lastKnownFileType = sourcecode.c.h; path = "NSString+Extension.h"; sourceTree = "<group>"; };
		0216618D1D2A1449000EAE6F /* NSString+Extension.m */ = {isa = PBXFileReference; fileEncoding = 4; lastKnownFileType = sourcecode.c.objc; path = "NSString+Extension.m"; sourceTree = "<group>"; };
		024BA03B1D2674B300E7005D /* Calculator_OC */ = {isa = PBXFileReference; explicitFileType = "compiled.mach-o.executable"; includeInIndex = 0; path = Calculator_OC; sourceTree = BUILT_PRODUCTS_DIR; };
		024BA03E1D2674B300E7005D /* main.m */ = {isa = PBXFileReference; lastKnownFileType = sourcecode.c.objc; path = main.m; sourceTree = "<group>"; };
		024BA0451D26773D00E7005D /* Calculator.h */ = {isa = PBXFileReference; fileEncoding = 4; lastKnownFileType = sourcecode.c.h; path = Calculator.h; sourceTree = "<group>"; };
		024BA0461D26773D00E7005D /* Calculator.m */ = {isa = PBXFileReference; fileEncoding = 4; lastKnownFileType = sourcecode.c.objc; path = Calculator.m; sourceTree = "<group>"; };
		024BA04C1D268B8300E7005D /* Application.m */ = {isa = PBXFileReference; fileEncoding = 4; lastKnownFileType = sourcecode.c.objc; path = Application.m; sourceTree = "<group>"; };
		024BA04E1D268B9000E7005D /* Application.h */ = {isa = PBXFileReference; lastKnownFileType = sourcecode.c.h; path = Application.h; sourceTree = "<group>"; };
		024BA04F1D26909C00E7005D /* Operator.h */ = {isa = PBXFileReference; fileEncoding = 4; lastKnownFileType = sourcecode.c.h; path = Operator.h; sourceTree = "<group>"; };
		024BA0501D26909C00E7005D /* Operator.m */ = {isa = PBXFileReference; fileEncoding = 4; lastKnownFileType = sourcecode.c.objc; path = Operator.m; sourceTree = "<group>"; };
/* End PBXFileReference section */

/* Begin PBXFrameworksBuildPhase section */
		024BA0381D2674B300E7005D /* Frameworks */ = {
			isa = PBXFrameworksBuildPhase;
			buildActionMask = 2147483647;
			files = (
			);
			runOnlyForDeploymentPostprocessing = 0;
		};
/* End PBXFrameworksBuildPhase section */

/* Begin PBXGroup section */
		024BA0321D2674B300E7005D = {
			isa = PBXGroup;
			children = (
				024BA03D1D2674B300E7005D /* Calculator_OC */,
				024BA03C1D2674B300E7005D /* Products */,
			);
			sourceTree = "<group>";
		};
		024BA03C1D2674B300E7005D /* Products */ = {
			isa = PBXGroup;
			children = (
				024BA03B1D2674B300E7005D /* Calculator_OC */,
			);
			name = Products;
			sourceTree = "<group>";
		};
		024BA03D1D2674B300E7005D /* Calculator_OC */ = {
			isa = PBXGroup;
			children = (
				024BA0481D26887000E7005D /* CalcuatorClass */,
				024BA03E1D2674B300E7005D /* main.m */,
			);
			path = Calculator_OC;
			sourceTree = "<group>";
		};
		024BA0481D26887000E7005D /* CalcuatorClass */ = {
			isa = PBXGroup;
			children = (
				024BA04E1D268B9000E7005D /* Application.h */,
				024BA04C1D268B8300E7005D /* Application.m */,
				024BA0451D26773D00E7005D /* Calculator.h */,
				024BA0461D26773D00E7005D /* Calculator.m */,
				024BA04F1D26909C00E7005D /* Operator.h */,
				024BA0501D26909C00E7005D /* Operator.m */,
				0216618C1D2A1449000EAE6F /* NSString+Extension.h */,
				0216618D1D2A1449000EAE6F /* NSString+Extension.m */,
			);
			name = CalcuatorClass;
			sourceTree = "<group>";
		};
/* End PBXGroup section */

/* Begin PBXNativeTarget section */
		024BA03A1D2674B300E7005D /* Calculator_OC */ = {
			isa = PBXNativeTarget;
			buildConfigurationList = 024BA0421D2674B300E7005D /* Build configuration list for PBXNativeTarget "Calculator_OC" */;
			buildPhases = (
				024BA0371D2674B300E7005D /* Sources */,
				024BA0381D2674B300E7005D /* Frameworks */,
				024BA0391D2674B300E7005D /* CopyFiles */,
			);
			buildRules = (
			);
			dependencies = (
			);
			name = Calculator_OC;
			productName = Calculator_OC;
			productReference = 024BA03B1D2674B300E7005D /* Calculator_OC */;
			productType = "com.apple.product-type.tool";
		};
/* End PBXNativeTarget section */

/* Begin PBXProject section */
		024BA0331D2674B300E7005D /* Project object */ = {
			isa = PBXProject;
			attributes = {
				LastUpgradeCheck = 0730;
				ORGANIZATIONNAME = "圈圈科技";
				TargetAttributes = {
					024BA03A1D2674B300E7005D = {
						CreatedOnToolsVersion = 7.3;
					};
				};
			};
			buildConfigurationList = 024BA0361D2674B300E7005D /* Build configuration list for PBXProject "Calculator_OC" */;
			compatibilityVersion = "Xcode 3.2";
			developmentRegion = English;
			hasScannedForEncodings = 0;
			knownRegions = (
				en,
			);
			mainGroup = 024BA0321D2674B300E7005D;
			productRefGroup = 024BA03C1D2674B300E7005D /* Products */;
			projectDirPath = "";
			projectRoot = "";
			targets = (
				024BA03A1D2674B300E7005D /* Calculator_OC */,
			);
		};
/* End PBXProject section */

/* Begin PBXSourcesBuildPhase section */
		024BA0371D2674B300E7005D /* Sources */ = {
			isa = PBXSourcesBuildPhase;
			buildActionMask = 2147483647;
			files = (
				0216618E1D2A1449000EAE6F /* NSString+Extension.m in Sources */,
				024BA04D1D268B8300E7005D /* Application.m in Sources */,
				024BA0511D26909C00E7005D /* Operator.m in Sources */,
				024BA03F1D2674B300E7005D /* main.m in Sources */,
				024BA0471D26773D00E7005D /* Calculator.m in Sources */,
			);
			runOnlyForDeploymentPostprocessing = 0;
		};
/* End PBXSourcesBuildPhase section */

/* Begin XCBuildConfiguration section */
		024BA0401D2674B300E7005D /* Debug */ = {
			isa = XCBuildConfiguration;
			buildSettings = {
				ALWAYS_SEARCH_USER_PATHS = NO;
				CLANG_ANALYZER_NONNULL = YES;
				CLANG_CXX_LANGUAGE_STANDARD = "gnu++0x";
				CLANG_CXX_LIBRARY = "libc++";
				CLANG_ENABLE_MODULES = YES;
				CLANG_ENABLE_OBJC_ARC = YES;
				CLANG_WARN_BOOL_CONVERSION = YES;
				CLANG_WARN_CONSTANT_CONVERSION = YES;
				CLANG_WARN_DIRECT_OBJC_ISA_USAGE = YES_ERROR;
				CLANG_WARN_EMPTY_BODY = YES;
				CLANG_WARN_ENUM_CONVERSION = YES;
				CLANG_WARN_INT_CONVERSION = YES;
				CLANG_WARN_OBJC_ROOT_CLASS = YES_ERROR;
				CLANG_WARN_UNREACHABLE_CODE = YES;
				CLANG_WARN__DUPLICATE_METHOD_MATCH = YES;
				CODE_SIGN_IDENTITY = "-";
				COPY_PHASE_STRIP = NO;
				DEBUG_INFORMATION_FORMAT = dwarf;
				ENABLE_STRICT_OBJC_MSGSEND = YES;
				ENABLE_TESTABILITY = YES;
				GCC_C_LANGUAGE_STANDARD = gnu99;
				GCC_DYNAMIC_NO_PIC = NO;
				GCC_NO_COMMON_BLOCKS = YES;
				GCC_OPTIMIZATION_LEVEL = 0;
				GCC_PREPROCESSOR_DEFINITIONS = (
					"DEBUG=1",
					"$(inherited)",
				);
				GCC_WARN_64_TO_32_BIT_CONVERSION = YES;
				GCC_WARN_ABOUT_RETURN_TYPE = YES_ERROR;
				GCC_WARN_UNDECLARED_SELECTOR = YES;
				GCC_WARN_UNINITIALIZED_AUTOS = YES_AGGRESSIVE;
				GCC_WARN_UNUSED_FUNCTION = YES;
				GCC_WARN_UNUSED_VARIABLE = YES;
				MACOSX_DEPLOYMENT_TARGET = 10.11;
				MTL_ENABLE_DEBUG_INFO = YES;
				ONLY_ACTIVE_ARCH = YES;
				SDKROOT = macosx;
			};
			name = Debug;
		};
		024BA0411D2674B300E7005D /* Release */ = {
			isa = XCBuildConfiguration;
			buildSettings = {
				ALWAYS_SEARCH_USER_PATHS = NO;
				CLANG_ANALYZER_NONNULL = YES;
				CLANG_CXX_LANGUAGE_STANDARD = "gnu++0x";
				CLANG_CXX_LIBRARY = "libc++";
				CLANG_ENABLE_MODULES = YES;
				CLANG_ENABLE_OBJC_ARC = YES;
				CLANG_WARN_BOOL_CONVERSION = YES;
				CLANG_WARN_CONSTANT_CONVERSION = YES;
				CLANG_WARN_DIRECT_OBJC_ISA_USAGE = YES_ERROR;
				CLANG_WARN_EMPTY_BODY = YES;
				CLANG_WARN_ENUM_CONVERSION = YES;
				CLANG_WARN_INT_CONVERSION = YES;
				CLANG_WARN_OBJC_ROOT_CLASS = YES_ERROR;
				CLANG_WARN_UNREACHABLE_CODE = YES;
				CLANG_WARN__DUPLICATE_METHOD_MATCH = YES;
				CODE_SIGN_IDENTITY = "-";
				COPY_PHASE_STRIP = NO;
				DEBUG_INFORMATION_FORMAT = "dwarf-with-dsym";
				ENABLE_NS_ASSERTIONS = NO;
				ENABLE_STRICT_OBJC_MSGSEND = YES;
				GCC_C_LANGUAGE_STANDARD = gnu99;
				GCC_NO_COMMON_BLOCKS = YES;
				GCC_WARN_64_TO_32_BIT_CONVERSION = YES;
				GCC_WARN_ABOUT_RETURN_TYPE = YES_ERROR;
				GCC_WARN_UNDECLARED_SELECTOR = YES;
				GCC_WARN_UNINITIALIZED_AUTOS = YES_AGGRESSIVE;
				GCC_WARN_UNUSED_FUNCTION = YES;
				GCC_WARN_UNUSED_VARIABLE = YES;
				MACOSX_DEPLOYMENT_TARGET = 10.11;
				MTL_ENABLE_DEBUG_INFO = NO;
				SDKROOT = macosx;
			};
			name = Release;
		};
		024BA0431D2674B300E7005D /* Debug */ = {
			isa = XCBuildConfiguration;
			buildSettings = {
				PRODUCT_NAME = "$(TARGET_NAME)";
			};
			name = Debug;
		};
		024BA0441D2674B300E7005D /* Release */ = {
			isa = XCBuildConfiguration;
			buildSettings = {
				PRODUCT_NAME = "$(TARGET_NAME)";
			};
			name = Release;
		};
/* End XCBuildConfiguration section */

/* Begin XCConfigurationList section */
		024BA0361D2674B300E7005D /* Build configuration list for PBXProject "Calculator_OC" */ = {
			isa = XCConfigurationList;
			buildConfigurations = (
				024BA0401D2674B300E7005D /* Debug */,
				024BA0411D2674B300E7005D /* Release */,
			);
			defaultConfigurationIsVisible = 0;
			defaultConfigurationName = Release;
		};
		024BA0421D2674B300E7005D /* Build configuration list for PBXNativeTarget "Calculator_OC" */ = {
			isa = XCConfigurationList;
			buildConfigurations = (
				024BA0431D2674B300E7005D /* Debug */,
				024BA0441D2674B300E7005D /* Release */,
			);
			defaultConfigurationIsVisible = 0;
			defaultConfigurationName = Release;
		};
/* End XCConfigurationList section */
	};
	rootObject = 024BA0331D2674B300E7005D /* Project object */;
}
